
Microsoft Visual Studio Solution File, Format Version 12.00
# Visual Studio 15
VisualStudioVersion = 15.0.27130.2027
MinimumVisualStudioVersion = 10.0.40219.1
Project("{9A19103F-16F7-4668-BE54-9A1E7A4F7556}") = "ScratchPad", "ScratchPad\ScratchPad.csproj", "{E7AD2461-309A-4BA7-A6EB-5C1F4F882BC2}"
EndProject
Project("{F2A71F9B-5D33-465A-A702-920D77279786}") = "scripts", "..\build\scripts\scripts.fsproj", "{D6997ADC-E933-418E-831C-DE1A78897493}"
EndProject
Project("{2150E333-8FDC-42A3-9474-1A3956D46DE8}") = "build", "build", "{73A4EA23-1EB6-428F-8713-A37C09627DB3}"
	ProjectSection(SolutionItems) = preProject
		..\.editorconfig = ..\.editorconfig
		..\.gitignore = ..\.gitignore
		..\build.bat = ..\build.bat
		..\build.sh = ..\build.sh
		..\global.json = ..\global.json
		..\build\outputpath.props = ..\build\outputpath.props
		..\paket.dependencies = ..\paket.dependencies
		..\build\Versioning.targets = ..\build\Common.targets
		..\appveyor.yml = ..\appveyor.yml
	EndProjectSection
EndProject
Project("{9A19103F-16F7-4668-BE54-9A1E7A4F7556}") = "Elastic.Managed", "Elastic.Managed\Elastic.Managed.csproj", "{0FCE020D-F4BD-4933-A0AB-27537EFA273E}"
EndProject
Project("{9A19103F-16F7-4668-BE54-9A1E7A4F7556}") = "Elastic.Managed.Ephemeral", "Elastic.Managed.Ephemeral\Elastic.Managed.Ephemeral.csproj", "{F5D3D2D7-CDA1-462A-81FD-A446C4CEB287}"
EndProject
Project("{9A19103F-16F7-4668-BE54-9A1E7A4F7556}") = "Elastic.Xunit", "Elastic.Xunit\Elastic.Xunit.csproj", "{681C6112-B885-4553-A06C-4CD9C262FC49}"
EndProject
Project("{9A19103F-16F7-4668-BE54-9A1E7A4F7556}") = "Elastic.Xunit.Example", "Elastic.Xunit.Example\Elastic.Xunit.Example.csproj", "{A660CA00-91E4-4994-BBA2-406BC5259C33}"
EndProject
Global
	GlobalSection(SolutionConfigurationPlatforms) = preSolution
		Debug|Any CPU = Debug|Any CPU
		Release|Any CPU = Release|Any CPU
	EndGlobalSection
	GlobalSection(SolutionProperties) = preSolution
		HideSolutionNode = FALSE
	EndGlobalSection
	GlobalSection(NestedProjects) = preSolution
		{D6997ADC-E933-418E-831C-DE1A78897493} = {73A4EA23-1EB6-428F-8713-A37C09627DB3}
	EndGlobalSection
	GlobalSection(ExtensibilityGlobals) = postSolution
		SolutionGuid = {AFADDCED-A7DD-43E7-B03C-27F57AC5C358}
	EndGlobalSection
	GlobalSection(ProjectConfigurationPlatforms) = postSolution
		{E7AD2461-309A-4BA7-A6EB-5C1F4F882BC2}.Release|Any CPU.ActiveCfg = Release|Any CPU
		{E7AD2461-309A-4BA7-A6EB-5C1F4F882BC2}.Release|Any CPU.Build.0 = Release|Any CPU
		{E7AD2461-309A-4BA7-A6EB-5C1F4F882BC2}.Debug|Any CPU.ActiveCfg = Debug|Any CPU
		{E7AD2461-309A-4BA7-A6EB-5C1F4F882BC2}.Debug|Any CPU.Build.0 = Debug|Any CPU
		{D6997ADC-E933-418E-831C-DE1A78897493}.Release|Any CPU.ActiveCfg = Release|Any CPU
		{D6997ADC-E933-418E-831C-DE1A78897493}.Release|Any CPU.Build.0 = Release|Any CPU
		{D6997ADC-E933-418E-831C-DE1A78897493}.Debug|Any CPU.ActiveCfg = Debug|Any CPU
		{D6997ADC-E933-418E-831C-DE1A78897493}.Debug|Any CPU.Build.0 = Debug|Any CPU
		{0FCE020D-F4BD-4933-A0AB-27537EFA273E}.Release|Any CPU.ActiveCfg = Release|Any CPU
		{0FCE020D-F4BD-4933-A0AB-27537EFA273E}.Release|Any CPU.Build.0 = Release|Any CPU
		{0FCE020D-F4BD-4933-A0AB-27537EFA273E}.Debug|Any CPU.ActiveCfg = Debug|Any CPU
		{0FCE020D-F4BD-4933-A0AB-27537EFA273E}.Debug|Any CPU.Build.0 = Debug|Any CPU
		{F5D3D2D7-CDA1-462A-81FD-A446C4CEB287}.Release|Any CPU.ActiveCfg = Release|Any CPU
		{F5D3D2D7-CDA1-462A-81FD-A446C4CEB287}.Release|Any CPU.Build.0 = Release|Any CPU
		{F5D3D2D7-CDA1-462A-81FD-A446C4CEB287}.Debug|Any CPU.ActiveCfg = Debug|Any CPU
		{F5D3D2D7-CDA1-462A-81FD-A446C4CEB287}.Debug|Any CPU.Build.0 = Debug|Any CPU
		{681C6112-B885-4553-A06C-4CD9C262FC49}.Release|Any CPU.ActiveCfg = Release|Any CPU
		{681C6112-B885-4553-A06C-4CD9C262FC49}.Release|Any CPU.Build.0 = Release|Any CPU
		{681C6112-B885-4553-A06C-4CD9C262FC49}.Debug|Any CPU.ActiveCfg = Debug|Any CPU
		{681C6112-B885-4553-A06C-4CD9C262FC49}.Debug|Any CPU.Build.0 = Debug|Any CPU
		{A660CA00-91E4-4994-BBA2-406BC5259C33}.Release|Any CPU.ActiveCfg = Release|Any CPU
		{A660CA00-91E4-4994-BBA2-406BC5259C33}.Release|Any CPU.Build.0 = Release|Any CPU
		{A660CA00-91E4-4994-BBA2-406BC5259C33}.Debug|Any CPU.ActiveCfg = Debug|Any CPU
		{A660CA00-91E4-4994-BBA2-406BC5259C33}.Debug|Any CPU.Build.0 = Debug|Any CPU
	EndGlobalSection
EndGlobal
